// !$*UTF8*$!
{
	archiveVersion = 1;
	classes = {
	};
	objectVersion = 46;
	objects = {

/* Begin PBXBuildFile section */
		0B019CEA1B13BB61002911AF /* TablViewController.m in Sources */ = {isa = PBXBuildFile; fileRef = 0B019CE91B13BB61002911AF /* TablViewController.m */; };
		0B42213C1B12D23700FE8EC4 /* libMailCore-ios.a in Frameworks */ = {isa = PBXBuildFile; fileRef = 0B92AB511B12D1AF00EE44CF /* libMailCore-ios.a */; };
		0B42213E1B12D23E00FE8EC4 /* CFNetwork.framework in Frameworks */ = {isa = PBXBuildFile; fileRef = 0B42213D1B12D23E00FE8EC4 /* CFNetwork.framework */; };
		0B4586C31B12DE530045618B /* User.m in Sources */ = {isa = PBXBuildFile; fileRef = 0B4586C21B12DE530045618B /* User.m */; };
		0B4586CD1B12E6460045618B /* IMAP.m in Sources */ = {isa = PBXBuildFile; fileRef = 0B4586CC1B12E6460045618B /* IMAP.m */; };
		0B601A1A1B1FCB9100BE8D92 /* Mail.m in Sources */ = {isa = PBXBuildFile; fileRef = 0B601A191B1FCB9100BE8D92 /* Mail.m */; };
		0B6AEA7D1B1935F900DCD894 /* MailItemTableViewCell.m in Sources */ = {isa = PBXBuildFile; fileRef = 0B6AEA7C1B1935F900DCD894 /* MailItemTableViewCell.m */; };
		0B92AB021B12D0D100EE44CF /* main.m in Sources */ = {isa = PBXBuildFile; fileRef = 0B92AB011B12D0D100EE44CF /* main.m */; };
		0B92AB051B12D0D100EE44CF /* AppDelegate.m in Sources */ = {isa = PBXBuildFile; fileRef = 0B92AB041B12D0D100EE44CF /* AppDelegate.m */; };
		0B92AB081B12D0D100EE44CF /* ViewController.m in Sources */ = {isa = PBXBuildFile; fileRef = 0B92AB071B12D0D100EE44CF /* ViewController.m */; };
		0B92AB0B1B12D0D100EE44CF /* Main.storyboard in Resources */ = {isa = PBXBuildFile; fileRef = 0B92AB091B12D0D100EE44CF /* Main.storyboard */; };
		0B92AB0D1B12D0D200EE44CF /* Images.xcassets in Resources */ = {isa = PBXBuildFile; fileRef = 0B92AB0C1B12D0D200EE44CF /* Images.xcassets */; };
		0B92AB101B12D0D200EE44CF /* LaunchScreen.xib in Resources */ = {isa = PBXBuildFile; fileRef = 0B92AB0E1B12D0D200EE44CF /* LaunchScreen.xib */; };
		0B92AB1C1B12D0D200EE44CF /* MailClientIOSTests.m in Sources */ = {isa = PBXBuildFile; fileRef = 0B92AB1B1B12D0D200EE44CF /* MailClientIOSTests.m */; };
/* End PBXBuildFile section */

/* Begin PBXContainerItemProxy section */
		0B42213A1B12D20B00FE8EC4 /* PBXContainerItemProxy */ = {
			isa = PBXContainerItemProxy;
			containerPortal = 0B92AB431B12D1AF00EE44CF /* mailcore2.xcodeproj */;
			proxyType = 1;
			remoteGlobalIDString = C6BA2B091705F4E6003F0E9E;
			remoteInfo = "static mailcore2 ios";
		};
		0B92AB161B12D0D200EE44CF /* PBXContainerItemProxy */ = {
			isa = PBXContainerItemProxy;
			containerPortal = 0B92AAF41B12D0D100EE44CF /* Project object */;
			proxyType = 1;
			remoteGlobalIDString = 0B92AAFB1B12D0D100EE44CF;
			remoteInfo = MailClientIOS;
		};
		0B92AB4E1B12D1AF00EE44CF /* PBXContainerItemProxy */ = {
			isa = PBXContainerItemProxy;
			containerPortal = 0B92AB431B12D1AF00EE44CF /* mailcore2.xcodeproj */;
			proxyType = 2;
			remoteGlobalIDString = C64EA537169E772200778456;
			remoteInfo = "static mailcore2 osx";
		};
		0B92AB501B12D1AF00EE44CF /* PBXContainerItemProxy */ = {
			isa = PBXContainerItemProxy;
			containerPortal = 0B92AB431B12D1AF00EE44CF /* mailcore2.xcodeproj */;
			proxyType = 2;
			remoteGlobalIDString = C6BA2C191705F4E6003F0E9E;
			remoteInfo = "static mailcore2 ios";
		};
		0B92AB521B12D1AF00EE44CF /* PBXContainerItemProxy */ = {
			isa = PBXContainerItemProxy;
			containerPortal = 0B92AB431B12D1AF00EE44CF /* mailcore2.xcodeproj */;
			proxyType = 2;
			remoteGlobalIDString = C64EA78C169F259200778456;
			remoteInfo = tests;
		};
		0B92AB541B12D1AF00EE44CF /* PBXContainerItemProxy */ = {
			isa = PBXContainerItemProxy;
			containerPortal = 0B92AB431B12D1AF00EE44CF /* mailcore2.xcodeproj */;
			proxyType = 2;
			remoteGlobalIDString = C6A81B911706840C00882C15;
			remoteInfo = "test-ios";
		};
		0B92AB561B12D1AF00EE44CF /* PBXContainerItemProxy */ = {
			isa = PBXContainerItemProxy;
			containerPortal = 0B92AB431B12D1AF00EE44CF /* mailcore2.xcodeproj */;
			proxyType = 2;
			remoteGlobalIDString = C6BD288D170BD71100A91AC1;
			remoteInfo = "mailcore osx";
		};
		0B92AB581B12D1AF00EE44CF /* PBXContainerItemProxy */ = {
			isa = PBXContainerItemProxy;
			containerPortal = 0B92AB431B12D1AF00EE44CF /* mailcore2.xcodeproj */;
			proxyType = 2;
			remoteGlobalIDString = 27780C3A19CF9CD100C77E44;
			remoteInfo = "mailcore ios";
		};
		0B92AB5A1B12D1AF00EE44CF /* PBXContainerItemProxy */ = {
			isa = PBXContainerItemProxy;
			containerPortal = 0B92AB431B12D1AF00EE44CF /* mailcore2.xcodeproj */;
			proxyType = 2;
			remoteGlobalIDString = C6B5AE0219F630B3001352A6;
			remoteInfo = unittest;
		};
		0B92AB5C1B12D1AF00EE44CF /* PBXContainerItemProxy */ = {
			isa = PBXContainerItemProxy;
			containerPortal = 0B92AB431B12D1AF00EE44CF /* mailcore2.xcodeproj */;
			proxyType = 2;
			remoteGlobalIDString = C600B6141A242C3F000728F1;
			remoteInfo = unittestcpp;
		};
/* End PBXContainerItemProxy section */

/* Begin PBXFileReference section */
		0B019CE81B13BB61002911AF /* TablViewController.h */ = {isa = PBXFileReference; fileEncoding = 4; lastKnownFileType = sourcecode.c.h; path = TablViewController.h; sourceTree = "<group>"; };
		0B019CE91B13BB61002911AF /* TablViewController.m */ = {isa = PBXFileReference; fileEncoding = 4; lastKnownFileType = sourcecode.c.objc; path = TablViewController.m; sourceTree = "<group>"; };
		0B42213D1B12D23E00FE8EC4 /* CFNetwork.framework */ = {isa = PBXFileReference; lastKnownFileType = wrapper.framework; name = CFNetwork.framework; path = System/Library/Frameworks/CFNetwork.framework; sourceTree = SDKROOT; };
		0B4586C11B12DE530045618B /* User.h */ = {isa = PBXFileReference; fileEncoding = 4; lastKnownFileType = sourcecode.c.h; path = User.h; sourceTree = "<group>"; };
		0B4586C21B12DE530045618B /* User.m */ = {isa = PBXFileReference; fileEncoding = 4; lastKnownFileType = sourcecode.c.objc; path = User.m; sourceTree = "<group>"; };
		0B4586CB1B12E6460045618B /* IMAP.h */ = {isa = PBXFileReference; fileEncoding = 4; lastKnownFileType = sourcecode.c.h; path = IMAP.h; sourceTree = "<group>"; };
		0B4586CC1B12E6460045618B /* IMAP.m */ = {isa = PBXFileReference; fileEncoding = 4; lastKnownFileType = sourcecode.c.objc; path = IMAP.m; sourceTree = "<group>"; };
		0B601A181B1FCB9100BE8D92 /* Mail.h */ = {isa = PBXFileReference; fileEncoding = 4; lastKnownFileType = sourcecode.c.h; path = Mail.h; sourceTree = "<group>"; };
		0B601A191B1FCB9100BE8D92 /* Mail.m */ = {isa = PBXFileReference; fileEncoding = 4; lastKnownFileType = sourcecode.c.objc; path = Mail.m; sourceTree = "<group>"; };
		0B6AEA7B1B1935F900DCD894 /* MailItemTableViewCell.h */ = {isa = PBXFileReference; fileEncoding = 4; lastKnownFileType = sourcecode.c.h; path = MailItemTableViewCell.h; sourceTree = "<group>"; };
		0B6AEA7C1B1935F900DCD894 /* MailItemTableViewCell.m */ = {isa = PBXFileReference; fileEncoding = 4; lastKnownFileType = sourcecode.c.objc; path = MailItemTableViewCell.m; sourceTree = "<group>"; };
		0B92AAFC1B12D0D100EE44CF /* MailClientIOS.app */ = {isa = PBXFileReference; explicitFileType = wrapper.application; includeInIndex = 0; path = MailClientIOS.app; sourceTree = BUILT_PRODUCTS_DIR; };
		0B92AB001B12D0D100EE44CF /* Info.plist */ = {isa = PBXFileReference; lastKnownFileType = text.plist.xml; path = Info.plist; sourceTree = "<group>"; };
		0B92AB011B12D0D100EE44CF /* main.m */ = {isa = PBXFileReference; lastKnownFileType = sourcecode.c.objc; path = main.m; sourceTree = "<group>"; };
		0B92AB031B12D0D100EE44CF /* AppDelegate.h */ = {isa = PBXFileReference; lastKnownFileType = sourcecode.c.h; path = AppDelegate.h; sourceTree = "<group>"; };
		0B92AB041B12D0D100EE44CF /* AppDelegate.m */ = {isa = PBXFileReference; lastKnownFileType = sourcecode.c.objc; path = AppDelegate.m; sourceTree = "<group>"; };
		0B92AB061B12D0D100EE44CF /* ViewController.h */ = {isa = PBXFileReference; lastKnownFileType = sourcecode.c.h; path = ViewController.h; sourceTree = "<group>"; };
		0B92AB071B12D0D100EE44CF /* ViewController.m */ = {isa = PBXFileReference; lastKnownFileType = sourcecode.c.objc; path = ViewController.m; sourceTree = "<group>"; };
		0B92AB0A1B12D0D100EE44CF /* Base */ = {isa = PBXFileReference; lastKnownFileType = file.storyboard; name = Base; path = Base.lproj/Main.storyboard; sourceTree = "<group>"; };
		0B92AB0C1B12D0D200EE44CF /* Images.xcassets */ = {isa = PBXFileReference; lastKnownFileType = folder.assetcatalog; path = Images.xcassets; sourceTree = "<group>"; };
		0B92AB0F1B12D0D200EE44CF /* Base */ = {isa = PBXFileReference; lastKnownFileType = file.xib; name = Base; path = Base.lproj/LaunchScreen.xib; sourceTree = "<group>"; };
		0B92AB151B12D0D200EE44CF /* MailClientIOSTests.xctest */ = {isa = PBXFileReference; explicitFileType = wrapper.cfbundle; includeInIndex = 0; path = MailClientIOSTests.xctest; sourceTree = BUILT_PRODUCTS_DIR; };
		0B92AB1A1B12D0D200EE44CF /* Info.plist */ = {isa = PBXFileReference; lastKnownFileType = text.plist.xml; path = Info.plist; sourceTree = "<group>"; };
		0B92AB1B1B12D0D200EE44CF /* MailClientIOSTests.m */ = {isa = PBXFileReference; lastKnownFileType = sourcecode.c.objc; path = MailClientIOSTests.m; sourceTree = "<group>"; };
		0B92AB431B12D1AF00EE44CF /* mailcore2.xcodeproj */ = {isa = PBXFileReference; lastKnownFileType = "wrapper.pb-project"; name = mailcore2.xcodeproj; path = "../../../Downloads/mailcore2-master/build-mac/mailcore2.xcodeproj"; sourceTree = "<group>"; };
/* End PBXFileReference section */

/* Begin PBXFrameworksBuildPhase section */
		0B92AAF91B12D0D100EE44CF /* Frameworks */ = {
			isa = PBXFrameworksBuildPhase;
			buildActionMask = 2147483647;
			files = (
				0B42213E1B12D23E00FE8EC4 /* CFNetwork.framework in Frameworks */,
				0B42213C1B12D23700FE8EC4 /* libMailCore-ios.a in Frameworks */,
			);
			runOnlyForDeploymentPostprocessing = 0;
		};
		0B92AB121B12D0D200EE44CF /* Frameworks */ = {
			isa = PBXFrameworksBuildPhase;
			buildActionMask = 2147483647;
			files = (
			);
			runOnlyForDeploymentPostprocessing = 0;
		};
/* End PBXFrameworksBuildPhase section */

/* Begin PBXGroup section */
		0B92AAF31B12D0D100EE44CF = {
			isa = PBXGroup;
			children = (
				0B42213D1B12D23E00FE8EC4 /* CFNetwork.framework */,
				0B92AAFE1B12D0D100EE44CF /* MailClientIOS */,
				0B92AB181B12D0D200EE44CF /* MailClientIOSTests */,
				0B92AAFD1B12D0D100EE44CF /* Products */,
			);
			sourceTree = "<group>";
		};
		0B92AAFD1B12D0D100EE44CF /* Products */ = {
			isa = PBXGroup;
			children = (
				0B92AAFC1B12D0D100EE44CF /* MailClientIOS.app */,
				0B92AB151B12D0D200EE44CF /* MailClientIOSTests.xctest */,
			);
			name = Products;
			sourceTree = "<group>";
		};
		0B92AAFE1B12D0D100EE44CF /* MailClientIOS */ = {
			isa = PBXGroup;
			children = (
				0B92AB431B12D1AF00EE44CF /* mailcore2.xcodeproj */,
				0B92AB031B12D0D100EE44CF /* AppDelegate.h */,
				0B92AB041B12D0D100EE44CF /* AppDelegate.m */,
				0B92AB061B12D0D100EE44CF /* ViewController.h */,
				0B92AB071B12D0D100EE44CF /* ViewController.m */,
				0B4586C11B12DE530045618B /* User.h */,
				0B4586C21B12DE530045618B /* User.m */,
				0B4586CB1B12E6460045618B /* IMAP.h */,
				0B4586CC1B12E6460045618B /* IMAP.m */,
				0B92AB091B12D0D100EE44CF /* Main.storyboard */,
				0B019CE81B13BB61002911AF /* TablViewController.h */,
				0B019CE91B13BB61002911AF /* TablViewController.m */,
				0B601A181B1FCB9100BE8D92 /* Mail.h */,
				0B601A191B1FCB9100BE8D92 /* Mail.m */,
				0B6AEA7B1B1935F900DCD894 /* MailItemTableViewCell.h */,
				0B6AEA7C1B1935F900DCD894 /* MailItemTableViewCell.m */,
				0B92AB0C1B12D0D200EE44CF /* Images.xcassets */,
				0B92AB0E1B12D0D200EE44CF /* LaunchScreen.xib */,
				0B92AAFF1B12D0D100EE44CF /* Supporting Files */,
			);
			path = MailClientIOS;
			sourceTree = "<group>";
		};
		0B92AAFF1B12D0D100EE44CF /* Supporting Files */ = {
			isa = PBXGroup;
			children = (
				0B92AB001B12D0D100EE44CF /* Info.plist */,
				0B92AB011B12D0D100EE44CF /* main.m */,
			);
			name = "Supporting Files";
			sourceTree = "<group>";
		};
		0B92AB181B12D0D200EE44CF /* MailClientIOSTests */ = {
			isa = PBXGroup;
			children = (
				0B92AB1B1B12D0D200EE44CF /* MailClientIOSTests.m */,
				0B92AB191B12D0D200EE44CF /* Supporting Files */,
			);
			path = MailClientIOSTests;
			sourceTree = "<group>";
		};
		0B92AB191B12D0D200EE44CF /* Supporting Files */ = {
			isa = PBXGroup;
			children = (
				0B92AB1A1B12D0D200EE44CF /* Info.plist */,
			);
			name = "Supporting Files";
			sourceTree = "<group>";
		};
		0B92AB441B12D1AF00EE44CF /* Products */ = {
			isa = PBXGroup;
			children = (
				0B92AB4F1B12D1AF00EE44CF /* libMailCore.a */,
				0B92AB511B12D1AF00EE44CF /* libMailCore-ios.a */,
				0B92AB531B12D1AF00EE44CF /* tests */,
				0B92AB551B12D1AF00EE44CF /* test-ios.app */,
				0B92AB571B12D1AF00EE44CF /* MailCore.framework */,
				0B92AB591B12D1AF00EE44CF /* MailCore.framework */,
				0B92AB5B1B12D1AF00EE44CF /* unittest.xctest */,
				0B92AB5D1B12D1AF00EE44CF /* unittestcpp */,
			);
			name = Products;
			sourceTree = "<group>";
		};
/* End PBXGroup section */

/* Begin PBXNativeTarget section */
		0B92AAFB1B12D0D100EE44CF /* MailClientIOS */ = {
			isa = PBXNativeTarget;
			buildConfigurationList = 0B92AB1F1B12D0D200EE44CF /* Build configuration list for PBXNativeTarget "MailClientIOS" */;
			buildPhases = (
				0B92AAF81B12D0D100EE44CF /* Sources */,
				0B92AAF91B12D0D100EE44CF /* Frameworks */,
				0B92AAFA1B12D0D100EE44CF /* Resources */,
			);
			buildRules = (
			);
			dependencies = (
				0B42213B1B12D20B00FE8EC4 /* PBXTargetDependency */,
			);
			name = MailClientIOS;
			productName = MailClientIOS;
			productReference = 0B92AAFC1B12D0D100EE44CF /* MailClientIOS.app */;
			productType = "com.apple.product-type.application";
		};
		0B92AB141B12D0D200EE44CF /* MailClientIOSTests */ = {
			isa = PBXNativeTarget;
			buildConfigurationList = 0B92AB221B12D0D200EE44CF /* Build configuration list for PBXNativeTarget "MailClientIOSTests" */;
			buildPhases = (
				0B92AB111B12D0D200EE44CF /* Sources */,
				0B92AB121B12D0D200EE44CF /* Frameworks */,
				0B92AB131B12D0D200EE44CF /* Resources */,
			);
			buildRules = (
			);
			dependencies = (
				0B92AB171B12D0D200EE44CF /* PBXTargetDependency */,
			);
			name = MailClientIOSTests;
			productName = MailClientIOSTests;
			productReference = 0B92AB151B12D0D200EE44CF /* MailClientIOSTests.xctest */;
			productType = "com.apple.product-type.bundle.unit-test";
		};
/* End PBXNativeTarget section */

/* Begin PBXProject section */
		0B92AAF41B12D0D100EE44CF /* Project object */ = {
			isa = PBXProject;
			attributes = {
				LastUpgradeCheck = 0630;
				ORGANIZATIONNAME = myOrg;
				TargetAttributes = {
					0B92AAFB1B12D0D100EE44CF = {
						CreatedOnToolsVersion = 6.3.1;
					};
					0B92AB141B12D0D200EE44CF = {
						CreatedOnToolsVersion = 6.3.1;
						TestTargetID = 0B92AAFB1B12D0D100EE44CF;
					};
				};
			};
			buildConfigurationList = 0B92AAF71B12D0D100EE44CF /* Build configuration list for PBXProject "MailClientIOS" */;
			compatibilityVersion = "Xcode 3.2";
			developmentRegion = English;
			hasScannedForEncodings = 0;
			knownRegions = (
				en,
				Base,
			);
			mainGroup = 0B92AAF31B12D0D100EE44CF;
			productRefGroup = 0B92AAFD1B12D0D100EE44CF /* Products */;
			projectDirPath = "";
			projectReferences = (
				{
					ProductGroup = 0B92AB441B12D1AF00EE44CF /* Products */;
					ProjectRef = 0B92AB431B12D1AF00EE44CF /* mailcore2.xcodeproj */;
				},
			);
			projectRoot = "";
			targets = (
				0B92AAFB1B12D0D100EE44CF /* MailClientIOS */,
				0B92AB141B12D0D200EE44CF /* MailClientIOSTests */,
			);
		};
/* End PBXProject section */

/* Begin PBXReferenceProxy section */
		0B92AB4F1B12D1AF00EE44CF /* libMailCore.a */ = {
			isa = PBXReferenceProxy;
			fileType = archive.ar;
			path = libMailCore.a;
			remoteRef = 0B92AB4E1B12D1AF00EE44CF /* PBXContainerItemProxy */;
			sourceTree = BUILT_PRODUCTS_DIR;
		};
		0B92AB511B12D1AF00EE44CF /* libMailCore-ios.a */ = {
			isa = PBXReferenceProxy;
			fileType = archive.ar;
			path = "libMailCore-ios.a";
			remoteRef = 0B92AB501B12D1AF00EE44CF /* PBXContainerItemProxy */;
			sourceTree = BUILT_PRODUCTS_DIR;
		};
		0B92AB531B12D1AF00EE44CF /* tests */ = {
			isa = PBXReferenceProxy;
			fileType = "compiled.mach-o.executable";
			path = tests;
			remoteRef = 0B92AB521B12D1AF00EE44CF /* PBXContainerItemProxy */;
			sourceTree = BUILT_PRODUCTS_DIR;
		};
		0B92AB551B12D1AF00EE44CF /* test-ios.app */ = {
			isa = PBXReferenceProxy;
			fileType = wrapper.application;
			path = "test-ios.app";
			remoteRef = 0B92AB541B12D1AF00EE44CF /* PBXContainerItemProxy */;
			sourceTree = BUILT_PRODUCTS_DIR;
		};
		0B92AB571B12D1AF00EE44CF /* MailCore.framework */ = {
			isa = PBXReferenceProxy;
			fileType = wrapper.framework;
			path = MailCore.framework;
			remoteRef = 0B92AB561B12D1AF00EE44CF /* PBXContainerItemProxy */;
			sourceTree = BUILT_PRODUCTS_DIR;
		};
		0B92AB591B12D1AF00EE44CF /* MailCore.framework */ = {
			isa = PBXReferenceProxy;
			fileType = wrapper.framework;
			path = MailCore.framework;
			remoteRef = 0B92AB581B12D1AF00EE44CF /* PBXContainerItemProxy */;
			sourceTree = BUILT_PRODUCTS_DIR;
		};
		0B92AB5B1B12D1AF00EE44CF /* unittest.xctest */ = {
			isa = PBXReferenceProxy;
			fileType = wrapper.cfbundle;
			path = unittest.xctest;
			remoteRef = 0B92AB5A1B12D1AF00EE44CF /* PBXContainerItemProxy */;
			sourceTree = BUILT_PRODUCTS_DIR;
		};
		0B92AB5D1B12D1AF00EE44CF /* unittestcpp */ = {
			isa = PBXReferenceProxy;
			fileType = "compiled.mach-o.executable";
			path = unittestcpp;
			remoteRef = 0B92AB5C1B12D1AF00EE44CF /* PBXContainerItemProxy */;
			sourceTree = BUILT_PRODUCTS_DIR;
		};
/* End PBXReferenceProxy section */

/* Begin PBXResourcesBuildPhase section */
		0B92AAFA1B12D0D100EE44CF /* Resources */ = {
			isa = PBXResourcesBuildPhase;
			buildActionMask = 2147483647;
			files = (
				0B92AB0B1B12D0D100EE44CF /* Main.storyboard in Resources */,
				0B92AB101B12D0D200EE44CF /* LaunchScreen.xib in Resources */,
				0B92AB0D1B12D0D200EE44CF /* Images.xcassets in Resources */,
			);
			runOnlyForDeploymentPostprocessing = 0;
		};
		0B92AB131B12D0D200EE44CF /* Resources */ = {
			isa = PBXResourcesBuildPhase;
			buildActionMask = 2147483647;
			files = (
			);
			runOnlyForDeploymentPostprocessing = 0;
		};
/* End PBXResourcesBuildPhase section */

/* Begin PBXSourcesBuildPhase section */
		0B92AAF81B12D0D100EE44CF /* Sources */ = {
			isa = PBXSourcesBuildPhase;
			buildActionMask = 2147483647;
			files = (
				0B4586CD1B12E6460045618B /* IMAP.m in Sources */,
				0B019CEA1B13BB61002911AF /* TablViewController.m in Sources */,
				0B4586C31B12DE530045618B /* User.m in Sources */,
				0B92AB081B12D0D100EE44CF /* ViewController.m in Sources */,
				0B601A1A1B1FCB9100BE8D92 /* Mail.m in Sources */,
				0B92AB051B12D0D100EE44CF /* AppDelegate.m in Sources */,
				0B6AEA7D1B1935F900DCD894 /* MailItemTableViewCell.m in Sources */,
				0B92AB021B12D0D100EE44CF /* main.m in Sources */,
			);
			runOnlyForDeploymentPostprocessing = 0;
		};
		0B92AB111B12D0D200EE44CF /* Sources */ = {
			isa = PBXSourcesBuildPhase;
			buildActionMask = 2147483647;
			files = (
				0B92AB1C1B12D0D200EE44CF /* MailClientIOSTests.m in Sources */,
			);
			runOnlyForDeploymentPostprocessing = 0;
		};
/* End PBXSourcesBuildPhase section */

/* Begin PBXTargetDependency section */
		0B42213B1B12D20B00FE8EC4 /* PBXTargetDependency */ = {
			isa = PBXTargetDependency;
			name = "static mailcore2 ios";
			targetProxy = 0B42213A1B12D20B00FE8EC4 /* PBXContainerItemProxy */;
		};
		0B92AB171B12D0D200EE44CF /* PBXTargetDependency */ = {
			isa = PBXTargetDependency;
			target = 0B92AAFB1B12D0D100EE44CF /* MailClientIOS */;
			targetProxy = 0B92AB161B12D0D200EE44CF /* PBXContainerItemProxy */;
		};
/* End PBXTargetDependency section */

/* Begin PBXVariantGroup section */
		0B92AB091B12D0D100EE44CF /* Main.storyboard */ = {
			isa = PBXVariantGroup;
			children = (
				0B92AB0A1B12D0D100EE44CF /* Base */,
			);
			name = Main.storyboard;
			sourceTree = "<group>";
		};
		0B92AB0E1B12D0D200EE44CF /* LaunchScreen.xib */ = {
			isa = PBXVariantGroup;
			children = (
				0B92AB0F1B12D0D200EE44CF /* Base */,
			);
			name = LaunchScreen.xib;
			sourceTree = "<group>";
		};
/* End PBXVariantGroup section */

/* Begin XCBuildConfiguration section */
		0B92AB1D1B12D0D200EE44CF /* Debug */ = {
			isa = XCBuildConfiguration;
			buildSettings = {
				ALWAYS_SEARCH_USER_PATHS = NO;
				CLANG_CXX_LANGUAGE_STANDARD = "gnu++0x";
				CLANG_CXX_LIBRARY = "libc++";
				CLANG_ENABLE_MODULES = YES;
				CLANG_ENABLE_OBJC_ARC = YES;
				CLANG_WARN_BOOL_CONVERSION = YES;
				CLANG_WARN_CONSTANT_CONVERSION = YES;
				CLANG_WARN_DIRECT_OBJC_ISA_USAGE = YES_ERROR;
				CLANG_WARN_EMPTY_BODY = YES;
				CLANG_WARN_ENUM_CONVERSION = YES;
				CLANG_WARN_INT_CONVERSION = YES;
				CLANG_WARN_OBJC_ROOT_CLASS = YES_ERROR;
				CLANG_WARN_UNREACHABLE_CODE = YES;
				CLANG_WARN__DUPLICATE_METHOD_MATCH = YES;
				"CODE_SIGN_IDENTITY[sdk=iphoneos*]" = "iPhone Developer";
				COPY_PHASE_STRIP = NO;
				DEBUG_INFORMATION_FORMAT = "dwarf-with-dsym";
				ENABLE_STRICT_OBJC_MSGSEND = YES;
				GCC_C_LANGUAGE_STANDARD = gnu99;
				GCC_DYNAMIC_NO_PIC = NO;
				GCC_NO_COMMON_BLOCKS = YES;
				GCC_OPTIMIZATION_LEVEL = 0;
				GCC_PREPROCESSOR_DEFINITIONS = (
					"DEBUG=1",
					"$(inherited)",
				);
				GCC_SYMBOLS_PRIVATE_EXTERN = NO;
				GCC_WARN_64_TO_32_BIT_CONVERSION = YES;
				GCC_WARN_ABOUT_RETURN_TYPE = YES_ERROR;
				GCC_WARN_UNDECLARED_SELECTOR = YES;
				GCC_WARN_UNINITIALIZED_AUTOS = YES_AGGRESSIVE;
				GCC_WARN_UNUSED_FUNCTION = YES;
				GCC_WARN_UNUSED_VARIABLE = YES;
				IPHONEOS_DEPLOYMENT_TARGET = 8.3;
				MTL_ENABLE_DEBUG_INFO = YES;
				ONLY_ACTIVE_ARCH = YES;
				SDKROOT = iphoneos;
			};
			name = Debug;
		};
		0B92AB1E1B12D0D200EE44CF /* Release */ = {
			isa = XCBuildConfiguration;
			buildSettings = {
				ALWAYS_SEARCH_USER_PATHS = NO;
				CLANG_CXX_LANGUAGE_STANDARD = "gnu++0x";
				CLANG_CXX_LIBRARY = "libc++";
				CLANG_ENABLE_MODULES = YES;
				CLANG_ENABLE_OBJC_ARC = YES;
				CLANG_WARN_BOOL_CONVERSION = YES;
				CLANG_WARN_CONSTANT_CONVERSION = YES;
				CLANG_WARN_DIRECT_OBJC_ISA_USAGE = YES_ERROR;
				CLANG_WARN_EMPTY_BODY = YES;
				CLANG_WARN_ENUM_CONVERSION = YES;
				CLANG_WARN_INT_CONVERSION = YES;
				CLANG_WARN_OBJC_ROOT_CLASS = YES_ERROR;
				CLANG_WARN_UNREACHABLE_CODE = YES;
				CLANG_WARN__DUPLICATE_METHOD_MATCH = YES;
				"CODE_SIGN_IDENTITY[sdk=iphoneos*]" = "iPhone Developer";
				COPY_PHASE_STRIP = NO;
				DEBUG_INFORMATION_FORMAT = "dwarf-with-dsym";
				ENABLE_NS_ASSERTIONS = NO;
				ENABLE_STRICT_OBJC_MSGSEND = YES;
				GCC_C_LANGUAGE_STANDARD = gnu99;
				GCC_NO_COMMON_BLOCKS = YES;
				GCC_WARN_64_TO_32_BIT_CONVERSION = YES;
				GCC_WARN_ABOUT_RETURN_TYPE = YES_ERROR;
				GCC_WARN_UNDECLARED_SELECTOR = YES;
				GCC_WARN_UNINITIALIZED_AUTOS = YES_AGGRESSIVE;
				GCC_WARN_UNUSED_FUNCTION = YES;
				GCC_WARN_UNUSED_VARIABLE = YES;
				IPHONEOS_DEPLOYMENT_TARGET = 8.3;
				MTL_ENABLE_DEBUG_INFO = NO;
				SDKROOT = iphoneos;
				VALIDATE_PRODUCT = YES;
			};
			name = Release;
		};
		0B92AB201B12D0D200EE44CF /* Debug */ = {
			isa = XCBuildConfiguration;
			buildSettings = {
				ASSETCATALOG_COMPILER_APPICON_NAME = AppIcon;
				CLANG_CXX_LIBRARY = "libstdc++";
				INFOPLIST_FILE = MailClientIOS/Info.plist;
				LD_RUNPATH_SEARCH_PATHS = "$(inherited) @executable_path/Frameworks";
				OTHER_LDFLAGS = (
					"-lctemplate-ios",
					"-letpan-ios",
					"-lxml2",
					"-lsasl2",
					"-liconv",
					"-ltidy",
					"-lz",
					"-lc++",
					"-lresolv",
					"-stdlib=libc++",
					"-ObjC",
				);
				PRODUCT_NAME = "$(TARGET_NAME)";
			};
			name = Debug;
		};
		0B92AB211B12D0D200EE44CF /* Release */ = {
			isa = XCBuildConfiguration;
			buildSettings = {
				ASSETCATALOG_COMPILER_APPICON_NAME = AppIcon;
				CLANG_CXX_LIBRARY = "libstdc++";
				INFOPLIST_FILE = MailClientIOS/Info.plist;
				LD_RUNPATH_SEARCH_PATHS = "$(inherited) @executable_path/Frameworks";
				OTHER_LDFLAGS = (
					"-lctemplate-ios",
					"-letpan-ios",
					"-lxml2",
					"-lsasl2",
					"-liconv",
					"-ltidy",
					"-lz",
					"-lc++",
					"-lresolv",
					"-stdlib=libc++",
					"-ObjC",
				);
				PRODUCT_NAME = "$(TARGET_NAME)";
			};
			name = Release;
		};
		0B92AB231B12D0D200EE44CF /* Debug */ = {
			isa = XCBuildConfiguration;
			buildSettings = {
				BUNDLE_LOADER = "$(TEST_HOST)";
				FRAMEWORK_SEARCH_PATHS = (
					"$(SDKROOT)/Developer/Library/Frameworks",
					"$(inherited)",
				);
				GCC_PREPROCESSOR_DEFINITIONS = (
					"DEBUG=1",
					"$(inherited)",
				);
				INFOPLIST_FILE = MailClientIOSTests/Info.plist;
				LD_RUNPATH_SEARCH_PATHS = "$(inherited) @executable_path/Frameworks @loader_path/Frameworks";
				PRODUCT_NAME = "$(TARGET_NAME)";
				TEST_HOST = "$(BUILT_PRODUCTS_DIR)/MailClientIOS.app/MailClientIOS";
			};
			name = Debug;
		};
		0B92AB241B12D0D200EE44CF /* Release */ = {
			isa = XCBuildConfiguration;
			buildSettings = {
				BUNDLE_LOADER = "$(TEST_HOST)";
				FRAMEWORK_SEARCH_PATHS = (
					"$(SDKROOT)/Developer/Library/Frameworks",
					"$(inherited)",
				);
				INFOPLIST_FILE = MailClientIOSTests/Info.plist;
				LD_RUNPATH_SEARCH_PATHS = "$(inherited) @executable_path/Frameworks @loader_path/Frameworks";
				PRODUCT_NAME = "$(TARGET_NAME)";
				TEST_HOST = "$(BUILT_PRODUCTS_DIR)/MailClientIOS.app/MailClientIOS";
			};
			name = Release;
		};
/* End XCBuildConfiguration section */

/* Begin XCConfigurationList section */
		0B92AAF71B12D0D100EE44CF /* Build configuration list for PBXProject "MailClientIOS" */ = {
			isa = XCConfigurationList;
			buildConfigurations = (
				0B92AB1D1B12D0D200EE44CF /* Debug */,
				0B92AB1E1B12D0D200EE44CF /* Release */,
			);
			defaultConfigurationIsVisible = 0;
			defaultConfigurationName = Release;
		};
		0B92AB1F1B12D0D200EE44CF /* Build configuration list for PBXNativeTarget "MailClientIOS" */ = {
			isa = XCConfigurationList;
			buildConfigurations = (
				0B92AB201B12D0D200EE44CF /* Debug */,
				0B92AB211B12D0D200EE44CF /* Release */,
			);
			defaultConfigurationIsVisible = 0;
			defaultConfigurationName = Release;
		};
		0B92AB221B12D0D200EE44CF /* Build configuration list for PBXNativeTarget "MailClientIOSTests" */ = {
			isa = XCConfigurationList;
			buildConfigurations = (
				0B92AB231B12D0D200EE44CF /* Debug */,
				0B92AB241B12D0D200EE44CF /* Release */,
			);
			defaultConfigurationIsVisible = 0;
			defaultConfigurationName = Release;
		};
/* End XCConfigurationList section */
	};
	rootObject = 0B92AAF41B12D0D100EE44CF /* Project object */;
}
